// !$*UTF8*$!
{
	archiveVersion = 1;
	classes = {
	};
	objectVersion = 50;
	objects = {

/* Begin PBXBuildFile section */
		F7994F3F250D3CE5008F4AC2 /* UIView+Extension.swift in Sources */ = {isa = PBXBuildFile; fileRef = F7994F3E250D3CE5008F4AC2 /* UIView+Extension.swift */; };
		F7994F43250D4346008F4AC2 /* VideoCell.swift in Sources */ = {isa = PBXBuildFile; fileRef = F7994F41250D4346008F4AC2 /* VideoCell.swift */; };
		F7994F44250D4346008F4AC2 /* VideoCell.xib in Resources */ = {isa = PBXBuildFile; fileRef = F7994F42250D4346008F4AC2 /* VideoCell.xib */; };
		F7994F46250D47AA008F4AC2 /* UIViewController+Extension.swift in Sources */ = {isa = PBXBuildFile; fileRef = F7994F45250D47AA008F4AC2 /* UIViewController+Extension.swift */; };
		F7994F4D250D7B68008F4AC2 /* Response.swift in Sources */ = {isa = PBXBuildFile; fileRef = F7994F48250D7B68008F4AC2 /* Response.swift */; };
		F7994F4E250D7B68008F4AC2 /* Error.swift in Sources */ = {isa = PBXBuildFile; fileRef = F7994F49250D7B68008F4AC2 /* Error.swift */; };
		F7994F4F250D7B68008F4AC2 /* CustomResource.swift in Sources */ = {isa = PBXBuildFile; fileRef = F7994F4A250D7B68008F4AC2 /* CustomResource.swift */; };
		F7994F50250D7B68008F4AC2 /* APIClient.swift in Sources */ = {isa = PBXBuildFile; fileRef = F7994F4B250D7B68008F4AC2 /* APIClient.swift */; };
		F7994F51250D7B68008F4AC2 /* Method.swift in Sources */ = {isa = PBXBuildFile; fileRef = F7994F4C250D7B68008F4AC2 /* Method.swift */; };
		F7994F53250D7C24008F4AC2 /* ProfileDataService.swift in Sources */ = {isa = PBXBuildFile; fileRef = F7994F52250D7C24008F4AC2 /* ProfileDataService.swift */; };
		F7994F55250D7CE1008F4AC2 /* Video.swift in Sources */ = {isa = PBXBuildFile; fileRef = F7994F54250D7CE1008F4AC2 /* Video.swift */; };
		F7994F57250DA8E9008F4AC2 /* EditProfileViewController.swift in Sources */ = {isa = PBXBuildFile; fileRef = F7994F56250DA8E9008F4AC2 /* EditProfileViewController.swift */; };
		F7FDFEFA250C52B200C96267 /* AppDelegate.swift in Sources */ = {isa = PBXBuildFile; fileRef = F7FDFEF9250C52B200C96267 /* AppDelegate.swift */; };
		F7FDFEFC250C52B200C96267 /* SceneDelegate.swift in Sources */ = {isa = PBXBuildFile; fileRef = F7FDFEFB250C52B200C96267 /* SceneDelegate.swift */; };
		F7FDFEFE250C52B200C96267 /* ProfileViewController.swift in Sources */ = {isa = PBXBuildFile; fileRef = F7FDFEFD250C52B200C96267 /* ProfileViewController.swift */; };
		F7FDFF01250C52B200C96267 /* Main.storyboard in Resources */ = {isa = PBXBuildFile; fileRef = F7FDFEFF250C52B200C96267 /* Main.storyboard */; };
		F7FDFF03250C52B500C96267 /* Assets.xcassets in Resources */ = {isa = PBXBuildFile; fileRef = F7FDFF02250C52B500C96267 /* Assets.xcassets */; };
		F7FDFF06250C52B500C96267 /* LaunchScreen.storyboard in Resources */ = {isa = PBXBuildFile; fileRef = F7FDFF04250C52B500C96267 /* LaunchScreen.storyboard */; };
		F7FDFF18250C5C3F00C96267 /* Profile.storyboard in Resources */ = {isa = PBXBuildFile; fileRef = F7FDFF17250C5C3F00C96267 /* Profile.storyboard */; };
/* End PBXBuildFile section */

/* Begin PBXFileReference section */
		F7994F3E250D3CE5008F4AC2 /* UIView+Extension.swift */ = {isa = PBXFileReference; fileEncoding = 4; lastKnownFileType = sourcecode.swift; path = "UIView+Extension.swift"; sourceTree = "<group>"; };
		F7994F41250D4346008F4AC2 /* VideoCell.swift */ = {isa = PBXFileReference; lastKnownFileType = sourcecode.swift; path = VideoCell.swift; sourceTree = "<group>"; };
		F7994F42250D4346008F4AC2 /* VideoCell.xib */ = {isa = PBXFileReference; lastKnownFileType = file.xib; path = VideoCell.xib; sourceTree = "<group>"; };
		F7994F45250D47AA008F4AC2 /* UIViewController+Extension.swift */ = {isa = PBXFileReference; fileEncoding = 4; lastKnownFileType = sourcecode.swift; path = "UIViewController+Extension.swift"; sourceTree = "<group>"; };
		F7994F48250D7B68008F4AC2 /* Response.swift */ = {isa = PBXFileReference; fileEncoding = 4; lastKnownFileType = sourcecode.swift; path = Response.swift; sourceTree = "<group>"; };
		F7994F49250D7B68008F4AC2 /* Error.swift */ = {isa = PBXFileReference; fileEncoding = 4; lastKnownFileType = sourcecode.swift; path = Error.swift; sourceTree = "<group>"; };
		F7994F4A250D7B68008F4AC2 /* CustomResource.swift */ = {isa = PBXFileReference; fileEncoding = 4; lastKnownFileType = sourcecode.swift; path = CustomResource.swift; sourceTree = "<group>"; };
		F7994F4B250D7B68008F4AC2 /* APIClient.swift */ = {isa = PBXFileReference; fileEncoding = 4; lastKnownFileType = sourcecode.swift; path = APIClient.swift; sourceTree = "<group>"; };
		F7994F4C250D7B68008F4AC2 /* Method.swift */ = {isa = PBXFileReference; fileEncoding = 4; lastKnownFileType = sourcecode.swift; path = Method.swift; sourceTree = "<group>"; };
		F7994F52250D7C24008F4AC2 /* ProfileDataService.swift */ = {isa = PBXFileReference; lastKnownFileType = sourcecode.swift; path = ProfileDataService.swift; sourceTree = "<group>"; };
		F7994F54250D7CE1008F4AC2 /* Video.swift */ = {isa = PBXFileReference; lastKnownFileType = sourcecode.swift; path = Video.swift; sourceTree = "<group>"; };
		F7994F56250DA8E9008F4AC2 /* EditProfileViewController.swift */ = {isa = PBXFileReference; lastKnownFileType = sourcecode.swift; path = EditProfileViewController.swift; sourceTree = "<group>"; };
		F7FDFEF6250C52B200C96267 /* iOS Test.app */ = {isa = PBXFileReference; explicitFileType = wrapper.application; includeInIndex = 0; path = "iOS Test.app"; sourceTree = BUILT_PRODUCTS_DIR; };
		F7FDFEF9250C52B200C96267 /* AppDelegate.swift */ = {isa = PBXFileReference; lastKnownFileType = sourcecode.swift; path = AppDelegate.swift; sourceTree = "<group>"; };
		F7FDFEFB250C52B200C96267 /* SceneDelegate.swift */ = {isa = PBXFileReference; lastKnownFileType = sourcecode.swift; path = SceneDelegate.swift; sourceTree = "<group>"; };
		F7FDFEFD250C52B200C96267 /* ProfileViewController.swift */ = {isa = PBXFileReference; lastKnownFileType = sourcecode.swift; path = ProfileViewController.swift; sourceTree = "<group>"; };
		F7FDFF00250C52B200C96267 /* Base */ = {isa = PBXFileReference; lastKnownFileType = file.storyboard; name = Base; path = Base.lproj/Main.storyboard; sourceTree = "<group>"; };
		F7FDFF02250C52B500C96267 /* Assets.xcassets */ = {isa = PBXFileReference; lastKnownFileType = folder.assetcatalog; path = Assets.xcassets; sourceTree = "<group>"; };
		F7FDFF05250C52B500C96267 /* Base */ = {isa = PBXFileReference; lastKnownFileType = file.storyboard; name = Base; path = Base.lproj/LaunchScreen.storyboard; sourceTree = "<group>"; };
		F7FDFF07250C52B500C96267 /* Info.plist */ = {isa = PBXFileReference; lastKnownFileType = text.plist.xml; path = Info.plist; sourceTree = "<group>"; };
		F7FDFF17250C5C3F00C96267 /* Profile.storyboard */ = {isa = PBXFileReference; lastKnownFileType = file.storyboard; path = Profile.storyboard; sourceTree = "<group>"; };
/* End PBXFileReference section */

/* Begin PBXFrameworksBuildPhase section */
		F7FDFEF3250C52B200C96267 /* Frameworks */ = {
			isa = PBXFrameworksBuildPhase;
			buildActionMask = 2147483647;
			files = (
			);
			runOnlyForDeploymentPostprocessing = 0;
		};
/* End PBXFrameworksBuildPhase section */

/* Begin PBXGroup section */
		F7994F3D250D3CC9008F4AC2 /* Extensions */ = {
			isa = PBXGroup;
			children = (
				F7994F45250D47AA008F4AC2 /* UIViewController+Extension.swift */,
				F7994F3E250D3CE5008F4AC2 /* UIView+Extension.swift */,
			);
			path = Extensions;
			sourceTree = "<group>";
		};
		F7994F40250D429E008F4AC2 /* Cell */ = {
			isa = PBXGroup;
			children = (
				F7994F41250D4346008F4AC2 /* VideoCell.swift */,
				F7994F42250D4346008F4AC2 /* VideoCell.xib */,
			);
			path = Cell;
			sourceTree = "<group>";
		};
		F7994F47250D7B45008F4AC2 /* Networking */ = {
			isa = PBXGroup;
			children = (
				F7994F4B250D7B68008F4AC2 /* APIClient.swift */,
				F7994F4A250D7B68008F4AC2 /* CustomResource.swift */,
				F7994F49250D7B68008F4AC2 /* Error.swift */,
				F7994F4C250D7B68008F4AC2 /* Method.swift */,
				F7994F48250D7B68008F4AC2 /* Response.swift */,
			);
			path = Networking;
			sourceTree = "<group>";
		};
		F7FDFEED250C52B200C96267 = {
			isa = PBXGroup;
			children = (
				F7FDFEF8250C52B200C96267 /* iOSTest */,
				F7FDFEF7250C52B200C96267 /* Products */,
			);
			sourceTree = "<group>";
		};
		F7FDFEF7250C52B200C96267 /* Products */ = {
			isa = PBXGroup;
			children = (
				F7FDFEF6250C52B200C96267 /* iOS Test.app */,
			);
			name = Products;
			sourceTree = "<group>";
		};
		F7FDFEF8250C52B200C96267 /* iOSTest */ = {
			isa = PBXGroup;
			children = (
				F7FDFEF9250C52B200C96267 /* AppDelegate.swift */,
				F7FDFEFB250C52B200C96267 /* SceneDelegate.swift */,
				F7FDFF0D250C537900C96267 /* Models */,
				F7FDFF0E250C538500C96267 /* Views */,
				F7FDFF0F250C538B00C96267 /* Controllers */,
				F7994F47250D7B45008F4AC2 /* Networking */,
				F7FDFF10250C539200C96267 /* Utilities */,
				F7FDFF02250C52B500C96267 /* Assets.xcassets */,
				F7FDFF04250C52B500C96267 /* LaunchScreen.storyboard */,
				F7FDFF07250C52B500C96267 /* Info.plist */,
			);
			path = iOSTest;
			sourceTree = "<group>";
		};
		F7FDFF0D250C537900C96267 /* Models */ = {
			isa = PBXGroup;
			children = (
				F7994F54250D7CE1008F4AC2 /* Video.swift */,
			);
			path = Models;
			sourceTree = "<group>";
		};
		F7FDFF0E250C538500C96267 /* Views */ = {
			isa = PBXGroup;
			children = (
				F7FDFEFF250C52B200C96267 /* Main.storyboard */,
				F7FDFF16250C597A00C96267 /* Profile */,
			);
			path = Views;
			sourceTree = "<group>";
		};
		F7FDFF0F250C538B00C96267 /* Controllers */ = {
			isa = PBXGroup;
			children = (
				F7FDFF12250C593A00C96267 /* Profile */,
			);
			path = Controllers;
			sourceTree = "<group>";
		};
		F7FDFF10250C539200C96267 /* Utilities */ = {
			isa = PBXGroup;
			children = (
				F7994F3D250D3CC9008F4AC2 /* Extensions */,
			);
			path = Utilities;
			sourceTree = "<group>";
		};
		F7FDFF12250C593A00C96267 /* Profile */ = {
			isa = PBXGroup;
			children = (
				F7FDFEFD250C52B200C96267 /* ProfileViewController.swift */,
				F7994F52250D7C24008F4AC2 /* ProfileDataService.swift */,
				F7FDFF13250C594600C96267 /* Edit */,
			);
			path = Profile;
			sourceTree = "<group>";
		};
		F7FDFF13250C594600C96267 /* Edit */ = {
			isa = PBXGroup;
			children = (
				F7994F56250DA8E9008F4AC2 /* EditProfileViewController.swift */,
			);
			path = Edit;
			sourceTree = "<group>";
		};
		F7FDFF15250C597200C96267 /* Edit */ = {
			isa = PBXGroup;
			children = (
			);
			path = Edit;
			sourceTree = "<group>";
		};
		F7FDFF16250C597A00C96267 /* Profile */ = {
			isa = PBXGroup;
			children = (
				F7FDFF17250C5C3F00C96267 /* Profile.storyboard */,
				F7994F40250D429E008F4AC2 /* Cell */,
				F7FDFF15250C597200C96267 /* Edit */,
			);
			path = Profile;
			sourceTree = "<group>";
		};
/* End PBXGroup section */

/* Begin PBXNativeTarget section */
		F7FDFEF5250C52B200C96267 /* iOSTest */ = {
			isa = PBXNativeTarget;
			buildConfigurationList = F7FDFF0A250C52B500C96267 /* Build configuration list for PBXNativeTarget "iOSTest" */;
			buildPhases = (
				F7FDFEF2250C52B200C96267 /* Sources */,
				F7FDFEF3250C52B200C96267 /* Frameworks */,
				F7FDFEF4250C52B200C96267 /* Resources */,
			);
			buildRules = (
			);
			dependencies = (
			);
			name = iOSTest;
			productName = iOSTest;
			productReference = F7FDFEF6250C52B200C96267 /* iOS Test.app */;
			productType = "com.apple.product-type.application";
		};
/* End PBXNativeTarget section */

/* Begin PBXProject section */
		F7FDFEEE250C52B200C96267 /* Project object */ = {
			isa = PBXProject;
			attributes = {
				LastSwiftUpdateCheck = 1130;
				LastUpgradeCheck = 1130;
				ORGANIZATIONNAME = Test;
				TargetAttributes = {
					F7FDFEF5250C52B200C96267 = {
						CreatedOnToolsVersion = 11.3.1;
					};
				};
			};
			buildConfigurationList = F7FDFEF1250C52B200C96267 /* Build configuration list for PBXProject "iOSTest" */;
			compatibilityVersion = "Xcode 9.3";
			developmentRegion = en;
			hasScannedForEncodings = 0;
			knownRegions = (
				en,
				Base,
			);
			mainGroup = F7FDFEED250C52B200C96267;
			productRefGroup = F7FDFEF7250C52B200C96267 /* Products */;
			projectDirPath = "";
			projectRoot = "";
			targets = (
				F7FDFEF5250C52B200C96267 /* iOSTest */,
			);
		};
/* End PBXProject section */

/* Begin PBXResourcesBuildPhase section */
		F7FDFEF4250C52B200C96267 /* Resources */ = {
			isa = PBXResourcesBuildPhase;
			buildActionMask = 2147483647;
			files = (
				F7994F44250D4346008F4AC2 /* VideoCell.xib in Resources */,
				F7FDFF06250C52B500C96267 /* LaunchScreen.storyboard in Resources */,
				F7FDFF03250C52B500C96267 /* Assets.xcassets in Resources */,
				F7FDFF18250C5C3F00C96267 /* Profile.storyboard in Resources */,
				F7FDFF01250C52B200C96267 /* Main.storyboard in Resources */,
			);
			runOnlyForDeploymentPostprocessing = 0;
		};
/* End PBXResourcesBuildPhase section */

/* Begin PBXSourcesBuildPhase section */
		F7FDFEF2250C52B200C96267 /* Sources */ = {
			isa = PBXSourcesBuildPhase;
			buildActionMask = 2147483647;
			files = (
				F7994F4E250D7B68008F4AC2 /* Error.swift in Sources */,
				F7994F46250D47AA008F4AC2 /* UIViewController+Extension.swift in Sources */,
				F7994F43250D4346008F4AC2 /* VideoCell.swift in Sources */,
				F7994F53250D7C24008F4AC2 /* ProfileDataService.swift in Sources */,
				F7994F50250D7B68008F4AC2 /* APIClient.swift in Sources */,
				F7FDFEFE250C52B200C96267 /* ProfileViewController.swift in Sources */,
				F7994F57250DA8E9008F4AC2 /* EditProfileViewController.swift in Sources */,
				F7FDFEFA250C52B200C96267 /* AppDelegate.swift in Sources */,
				F7994F4F250D7B68008F4AC2 /* CustomResource.swift in Sources */,
				F7994F3F250D3CE5008F4AC2 /* UIView+Extension.swift in Sources */,
				F7994F55250D7CE1008F4AC2 /* Video.swift in Sources */,
				F7FDFEFC250C52B200C96267 /* SceneDelegate.swift in Sources */,
				F7994F4D250D7B68008F4AC2 /* Response.swift in Sources */,
				F7994F51250D7B68008F4AC2 /* Method.swift in Sources */,
			);
			runOnlyForDeploymentPostprocessing = 0;
		};
/* End PBXSourcesBuildPhase section */

/* Begin PBXVariantGroup section */
		F7FDFEFF250C52B200C96267 /* Main.storyboard */ = {
			isa = PBXVariantGroup;
			children = (
				F7FDFF00250C52B200C96267 /* Base */,
			);
			name = Main.storyboard;
			sourceTree = "<group>";
		};
		F7FDFF04250C52B500C96267 /* LaunchScreen.storyboard */ = {
			isa = PBXVariantGroup;
			children = (
				F7FDFF05250C52B500C96267 /* Base */,
			);
			name = LaunchScreen.storyboard;
			sourceTree = "<group>";
		};
/* End PBXVariantGroup section */

/* Begin XCBuildConfiguration section */
		F7FDFF08250C52B500C96267 /* Debug */ = {
			isa = XCBuildConfiguration;
			buildSettings = {
				ALWAYS_SEARCH_USER_PATHS = NO;
				CLANG_ANALYZER_NONNULL = YES;
				CLANG_ANALYZER_NUMBER_OBJECT_CONVERSION = YES_AGGRESSIVE;
				CLANG_CXX_LANGUAGE_STANDARD = "gnu++14";
				CLANG_CXX_LIBRARY = "libc++";
				CLANG_ENABLE_MODULES = YES;
				CLANG_ENABLE_OBJC_ARC = YES;
				CLANG_ENABLE_OBJC_WEAK = YES;
				CLANG_WARN_BLOCK_CAPTURE_AUTORELEASING = YES;
				CLANG_WARN_BOOL_CONVERSION = YES;
				CLANG_WARN_COMMA = YES;
				CLANG_WARN_CONSTANT_CONVERSION = YES;
				CLANG_WARN_DEPRECATED_OBJC_IMPLEMENTATIONS = YES;
				CLANG_WARN_DIRECT_OBJC_ISA_USAGE = YES_ERROR;
				CLANG_WARN_DOCUMENTATION_COMMENTS = YES;
				CLANG_WARN_EMPTY_BODY = YES;
				CLANG_WARN_ENUM_CONVERSION = YES;
				CLANG_WARN_INFINITE_RECURSION = YES;
				CLANG_WARN_INT_CONVERSION = YES;
				CLANG_WARN_NON_LITERAL_NULL_CONVERSION = YES;
				CLANG_WARN_OBJC_IMPLICIT_RETAIN_SELF = YES;
				CLANG_WARN_OBJC_LITERAL_CONVERSION = YES;
				CLANG_WARN_OBJC_ROOT_CLASS = YES_ERROR;
				CLANG_WARN_RANGE_LOOP_ANALYSIS = YES;
				CLANG_WARN_STRICT_PROTOTYPES = YES;
				CLANG_WARN_SUSPICIOUS_MOVE = YES;
				CLANG_WARN_UNGUARDED_AVAILABILITY = YES_AGGRESSIVE;
				CLANG_WARN_UNREACHABLE_CODE = YES;
				CLANG_WARN__DUPLICATE_METHOD_MATCH = YES;
				COPY_PHASE_STRIP = NO;
				DEBUG_INFORMATION_FORMAT = dwarf;
				ENABLE_STRICT_OBJC_MSGSEND = YES;
				ENABLE_TESTABILITY = YES;
				GCC_C_LANGUAGE_STANDARD = gnu11;
				GCC_DYNAMIC_NO_PIC = NO;
				GCC_NO_COMMON_BLOCKS = YES;
				GCC_OPTIMIZATION_LEVEL = 0;
				GCC_PREPROCESSOR_DEFINITIONS = (
					"DEBUG=1",
					"$(inherited)",
				);
				GCC_WARN_64_TO_32_BIT_CONVERSION = YES;
				GCC_WARN_ABOUT_RETURN_TYPE = YES_ERROR;
				GCC_WARN_UNDECLARED_SELECTOR = YES;
				GCC_WARN_UNINITIALIZED_AUTOS = YES_AGGRESSIVE;
				GCC_WARN_UNUSED_FUNCTION = YES;
				GCC_WARN_UNUSED_VARIABLE = YES;
				IPHONEOS_DEPLOYMENT_TARGET = 13.2;
				MTL_ENABLE_DEBUG_INFO = INCLUDE_SOURCE;
				MTL_FAST_MATH = YES;
				ONLY_ACTIVE_ARCH = YES;
				SDKROOT = iphoneos;
				SWIFT_ACTIVE_COMPILATION_CONDITIONS = DEBUG;
				SWIFT_OPTIMIZATION_LEVEL = "-Onone";
			};
			name = Debug;
		};
		F7FDFF09250C52B500C96267 /* Release */ = {
			isa = XCBuildConfiguration;
			buildSettings = {
				ALWAYS_SEARCH_USER_PATHS = NO;
				CLANG_ANALYZER_NONNULL = YES;
				CLANG_ANALYZER_NUMBER_OBJECT_CONVERSION = YES_AGGRESSIVE;
				CLANG_CXX_LANGUAGE_STANDARD = "gnu++14";
				CLANG_CXX_LIBRARY = "libc++";
				CLANG_ENABLE_MODULES = YES;
				CLANG_ENABLE_OBJC_ARC = YES;
				CLANG_ENABLE_OBJC_WEAK = YES;
				CLANG_WARN_BLOCK_CAPTURE_AUTORELEASING = YES;
				CLANG_WARN_BOOL_CONVERSION = YES;
				CLANG_WARN_COMMA = YES;
				CLANG_WARN_CONSTANT_CONVERSION = YES;
				CLANG_WARN_DEPRECATED_OBJC_IMPLEMENTATIONS = YES;
				CLANG_WARN_DIRECT_OBJC_ISA_USAGE = YES_ERROR;
				CLANG_WARN_DOCUMENTATION_COMMENTS = YES;
				CLANG_WARN_EMPTY_BODY = YES;
				CLANG_WARN_ENUM_CONVERSION = YES;
				CLANG_WARN_INFINITE_RECURSION = YES;
				CLANG_WARN_INT_CONVERSION = YES;
				CLANG_WARN_NON_LITERAL_NULL_CONVERSION = YES;
				CLANG_WARN_OBJC_IMPLICIT_RETAIN_SELF = YES;
				CLANG_WARN_OBJC_LITERAL_CONVERSION = YES;
				CLANG_WARN_OBJC_ROOT_CLASS = YES_ERROR;
				CLANG_WARN_RANGE_LOOP_ANALYSIS = YES;
				CLANG_WARN_STRICT_PROTOTYPES = YES;
				CLANG_WARN_SUSPICIOUS_MOVE = YES;
				CLANG_WARN_UNGUARDED_AVAILABILITY = YES_AGGRESSIVE;
				CLANG_WARN_UNREACHABLE_CODE = YES;
				CLANG_WARN__DUPLICATE_METHOD_MATCH = YES;
				COPY_PHASE_STRIP = NO;
				DEBUG_INFORMATION_FORMAT = "dwarf-with-dsym";
				ENABLE_NS_ASSERTIONS = NO;
				ENABLE_STRICT_OBJC_MSGSEND = YES;
				GCC_C_LANGUAGE_STANDARD = gnu11;
				GCC_NO_COMMON_BLOCKS = YES;
				GCC_WARN_64_TO_32_BIT_CONVERSION = YES;
				GCC_WARN_ABOUT_RETURN_TYPE = YES_ERROR;
				GCC_WARN_UNDECLARED_SELECTOR = YES;
				GCC_WARN_UNINITIALIZED_AUTOS = YES_AGGRESSIVE;
				GCC_WARN_UNUSED_FUNCTION = YES;
				GCC_WARN_UNUSED_VARIABLE = YES;
				IPHONEOS_DEPLOYMENT_TARGET = 13.2;
				MTL_ENABLE_DEBUG_INFO = NO;
				MTL_FAST_MATH = YES;
				SDKROOT = iphoneos;
				SWIFT_COMPILATION_MODE = wholemodule;
				SWIFT_OPTIMIZATION_LEVEL = "-O";
				VALIDATE_PRODUCT = YES;
			};
			name = Release;
		};
		F7FDFF0B250C52B500C96267 /* Debug */ = {
			isa = XCBuildConfiguration;
			buildSettings = {
				ASSETCATALOG_COMPILER_APPICON_NAME = AppIcon;
				CODE_SIGN_STYLE = Automatic;
				DEVELOPMENT_TEAM = 8YW222DRQW;
				INFOPLIST_FILE = iOSTest/Info.plist;
				IPHONEOS_DEPLOYMENT_TARGET = 11.0;
				LD_RUNPATH_SEARCH_PATHS = (
					"$(inherited)",
					"@executable_path/Frameworks",
				);
				MARKETING_VERSION = 1.0.0;
				PRODUCT_BUNDLE_IDENTIFIER = com.app.iostest;
				PRODUCT_NAME = "iOS Test";
				SWIFT_VERSION = 5.0;
				TARGETED_DEVICE_FAMILY = 1;
			};
			name = Debug;
		};
		F7FDFF0C250C52B500C96267 /* Release */ = {
			isa = XCBuildConfiguration;
			buildSettings = {
				ASSETCATALOG_COMPILER_APPICON_NAME = AppIcon;
				CODE_SIGN_STYLE = Automatic;
				DEVELOPMENT_TEAM = 8YW222DRQW;
				INFOPLIST_FILE = iOSTest/Info.plist;
				IPHONEOS_DEPLOYMENT_TARGET = 11.0;
				LD_RUNPATH_SEARCH_PATHS = (
					"$(inherited)",
					"@executable_path/Frameworks",
				);
				MARKETING_VERSION = 1.0.0;
				PRODUCT_BUNDLE_IDENTIFIER = com.app.iostest;
				PRODUCT_NAME = "iOS Test";
				SWIFT_VERSION = 5.0;
				TARGETED_DEVICE_FAMILY = 1;
			};
			name = Release;
		};
/* End XCBuildConfiguration section */

/* Begin XCConfigurationList section */
		F7FDFEF1250C52B200C96267 /* Build configuration list for PBXProject "iOSTest" */ = {
			isa = XCConfigurationList;
			buildConfigurations = (
				F7FDFF08250C52B500C96267 /* Debug */,
				F7FDFF09250C52B500C96267 /* Release */,
			);
			defaultConfigurationIsVisible = 0;
			defaultConfigurationName = Release;
		};
		F7FDFF0A250C52B500C96267 /* Build configuration list for PBXNativeTarget "iOSTest" */ = {
			isa = XCConfigurationList;
			buildConfigurations = (
				F7FDFF0B250C52B500C96267 /* Debug */,
				F7FDFF0C250C52B500C96267 /* Release */,
			);
			defaultConfigurationIsVisible = 0;
			defaultConfigurationName = Release;
		};
/* End XCConfigurationList section */
	};
	rootObject = F7FDFEEE250C52B200C96267 /* Project object */;
}
